// !$*UTF8*$!
{
	archiveVersion = 1;
	classes = {
	};
	objectVersion = 77;
	objects = {

/* Begin PBXBuildFile section */
		E6411B022DEF7E070067E8B1 /* Domain in Frameworks */ = {isa = PBXBuildFile; productRef = E6411B012DEF7E070067E8B1 /* Domain */; };
		E6411B042DEF7E0F0067E8B1 /* Data in Frameworks */ = {isa = PBXBuildFile; productRef = E6411B032DEF7E0F0067E8B1 /* Data */; };
		E6411B062DEF7E120067E8B1 /* Networking in Frameworks */ = {isa = PBXBuildFile; productRef = E6411B052DEF7E120067E8B1 /* Networking */; };
		E6411B082DEF7E150067E8B1 /* Presentation in Frameworks */ = {isa = PBXBuildFile; productRef = E6411B072DEF7E150067E8B1 /* Presentation */; };
		E6D0F5F12DF63935008367EA /* TestPlan.xctestplan in Resources */ = {isa = PBXBuildFile; fileRef = E6D0F5EF2DF63935008367EA /* TestPlan.xctestplan */; };
/* End PBXBuildFile section */

/* Begin PBXContainerItemProxy section */
		E6411ADF2DEF7B430067E8B1 /* PBXContainerItemProxy */ = {
			isa = PBXContainerItemProxy;
			containerPortal = E6411AC62DEF7B420067E8B1 /* Project object */;
			proxyType = 1;
			remoteGlobalIDString = E6411ACD2DEF7B420067E8B1;
			remoteInfo = RickAndMortyApp;
		};
		E6411AE92DEF7B430067E8B1 /* PBXContainerItemProxy */ = {
			isa = PBXContainerItemProxy;
			containerPortal = E6411AC62DEF7B420067E8B1 /* Project object */;
			proxyType = 1;
			remoteGlobalIDString = E6411ACD2DEF7B420067E8B1;
			remoteInfo = RickAndMortyApp;
		};
/* End PBXContainerItemProxy section */

/* Begin PBXFileReference section */
		E6411ACE2DEF7B420067E8B1 /* RickAndMortyApp.app */ = {isa = PBXFileReference; explicitFileType = wrapper.application; includeInIndex = 0; path = RickAndMortyApp.app; sourceTree = BUILT_PRODUCTS_DIR; };
		E6411ADE2DEF7B430067E8B1 /* RickAndMortyAppTests.xctest */ = {isa = PBXFileReference; explicitFileType = wrapper.cfbundle; includeInIndex = 0; path = RickAndMortyAppTests.xctest; sourceTree = BUILT_PRODUCTS_DIR; };
		E6411AE82DEF7B430067E8B1 /* RickAndMortyAppUITests.xctest */ = {isa = PBXFileReference; explicitFileType = wrapper.cfbundle; includeInIndex = 0; path = RickAndMortyAppUITests.xctest; sourceTree = BUILT_PRODUCTS_DIR; };
		E6D0F5EF2DF63935008367EA /* TestPlan.xctestplan */ = {isa = PBXFileReference; lastKnownFileType = text; path = TestPlan.xctestplan; sourceTree = "<group>"; };
/* End PBXFileReference section */

/* Begin PBXFileSystemSynchronizedBuildFileExceptionSet section */
		E664E7BB2DF638FA0016C8B0 /* Exceptions for "RickAndMortyAppUITests" folder in "RickAndMortyAppUITests" target */ = {
			isa = PBXFileSystemSynchronizedBuildFileExceptionSet;
			membershipExceptions = (
				RickAndMortyAppUITests.swift,
				UITestsIdentifiers.swift,
			);
			target = E6411AE72DEF7B430067E8B1 /* RickAndMortyAppUITests */;
		};
		E6A84A952DF6BE0400C7B317 /* Exceptions for "RickAndMortyAppUITests" folder in "RickAndMortyApp" target */ = {
			isa = PBXFileSystemSynchronizedBuildFileExceptionSet;
			membershipExceptions = (
				RickAndMortyAppUITests.swift,
				UITestsIdentifiers.swift,
			);
			target = E6411ACD2DEF7B420067E8B1 /* RickAndMortyApp */;
		};
/* End PBXFileSystemSynchronizedBuildFileExceptionSet section */

/* Begin PBXFileSystemSynchronizedRootGroup section */
		E6411AD02DEF7B420067E8B1 /* RickAndMortyApp */ = {
			isa = PBXFileSystemSynchronizedRootGroup;
			path = RickAndMortyApp;
			sourceTree = "<group>";
		};
		E6411AFF2DEF7DE80067E8B1 /* Packages */ = {
			isa = PBXFileSystemSynchronizedRootGroup;
			path = Packages;
			sourceTree = "<group>";
		};
		E664E7B52DF6382F0016C8B0 /* RickAndMortyAppUITests */ = {
			isa = PBXFileSystemSynchronizedRootGroup;
			exceptions = (
				E6A84A952DF6BE0400C7B317 /* Exceptions for "RickAndMortyAppUITests" folder in "RickAndMortyApp" target */,
				E664E7BB2DF638FA0016C8B0 /* Exceptions for "RickAndMortyAppUITests" folder in "RickAndMortyAppUITests" target */,
			);
			path = RickAndMortyAppUITests;
			sourceTree = "<group>";
		};
/* End PBXFileSystemSynchronizedRootGroup section */

/* Begin PBXFrameworksBuildPhase section */
		E6411ACB2DEF7B420067E8B1 /* Frameworks */ = {
			isa = PBXFrameworksBuildPhase;
			buildActionMask = 2147483647;
			files = (
				E6411B082DEF7E150067E8B1 /* Presentation in Frameworks */,
				E6411B062DEF7E120067E8B1 /* Networking in Frameworks */,
				E6411B042DEF7E0F0067E8B1 /* Data in Frameworks */,
				E6411B022DEF7E070067E8B1 /* Domain in Frameworks */,
			);
			runOnlyForDeploymentPostprocessing = 0;
		};
		E6411ADB2DEF7B430067E8B1 /* Frameworks */ = {
			isa = PBXFrameworksBuildPhase;
			buildActionMask = 2147483647;
			files = (
			);
			runOnlyForDeploymentPostprocessing = 0;
		};
		E6411AE52DEF7B430067E8B1 /* Frameworks */ = {
			isa = PBXFrameworksBuildPhase;
			buildActionMask = 2147483647;
			files = (
			);
			runOnlyForDeploymentPostprocessing = 0;
		};
/* End PBXFrameworksBuildPhase section */

/* Begin PBXGroup section */
		E6411AC52DEF7B420067E8B1 = {
			isa = PBXGroup;
			children = (
				E6411AFF2DEF7DE80067E8B1 /* Packages */,
				E6411AD02DEF7B420067E8B1 /* RickAndMortyApp */,
				E664E7B52DF6382F0016C8B0 /* RickAndMortyAppUITests */,
				E6411B002DEF7E070067E8B1 /* Frameworks */,
				E6411ACF2DEF7B420067E8B1 /* Products */,
				E6D0F5EF2DF63935008367EA /* TestPlan.xctestplan */,
			);
			sourceTree = "<group>";
		};
		E6411ACF2DEF7B420067E8B1 /* Products */ = {
			isa = PBXGroup;
			children = (
				E6411ACE2DEF7B420067E8B1 /* RickAndMortyApp.app */,
				E6411ADE2DEF7B430067E8B1 /* RickAndMortyAppTests.xctest */,
				E6411AE82DEF7B430067E8B1 /* RickAndMortyAppUITests.xctest */,
			);
			name = Products;
			sourceTree = "<group>";
		};
		E6411B002DEF7E070067E8B1 /* Frameworks */ = {
			isa = PBXGroup;
			children = (
			);
			name = Frameworks;
			sourceTree = "<group>";
		};
/* End PBXGroup section */

/* Begin PBXNativeTarget section */
		E6411ACD2DEF7B420067E8B1 /* RickAndMortyApp */ = {
			isa = PBXNativeTarget;
			buildConfigurationList = E6411AF22DEF7B430067E8B1 /* Build configuration list for PBXNativeTarget "RickAndMortyApp" */;
			buildPhases = (
				E6411ACA2DEF7B420067E8B1 /* Sources */,
				E6411ACB2DEF7B420067E8B1 /* Frameworks */,
				E6411ACC2DEF7B420067E8B1 /* Resources */,
			);
			buildRules = (
			);
			dependencies = (
			);
			fileSystemSynchronizedGroups = (
				E6411AD02DEF7B420067E8B1 /* RickAndMortyApp */,
				E6411AFF2DEF7DE80067E8B1 /* Packages */,
				E664E7B52DF6382F0016C8B0 /* RickAndMortyAppUITests */,
			);
			name = RickAndMortyApp;
			packageProductDependencies = (
				E6411B012DEF7E070067E8B1 /* Domain */,
				E6411B032DEF7E0F0067E8B1 /* Data */,
				E6411B052DEF7E120067E8B1 /* Networking */,
				E6411B072DEF7E150067E8B1 /* Presentation */,
			);
			productName = RickAndMortyApp;
			productReference = E6411ACE2DEF7B420067E8B1 /* RickAndMortyApp.app */;
			productType = "com.apple.product-type.application";
		};
		E6411ADD2DEF7B430067E8B1 /* RickAndMortyAppTests */ = {
			isa = PBXNativeTarget;
			buildConfigurationList = E6411AF52DEF7B430067E8B1 /* Build configuration list for PBXNativeTarget "RickAndMortyAppTests" */;
			buildPhases = (
				E6411ADA2DEF7B430067E8B1 /* Sources */,
				E6411ADB2DEF7B430067E8B1 /* Frameworks */,
				E6411ADC2DEF7B430067E8B1 /* Resources */,
			);
			buildRules = (
			);
			dependencies = (
				E6411AE02DEF7B430067E8B1 /* PBXTargetDependency */,
			);
			name = RickAndMortyAppTests;
			packageProductDependencies = (
			);
			productName = RickAndMortyAppTests;
			productReference = E6411ADE2DEF7B430067E8B1 /* RickAndMortyAppTests.xctest */;
			productType = "com.apple.product-type.bundle.unit-test";
		};
		E6411AE72DEF7B430067E8B1 /* RickAndMortyAppUITests */ = {
			isa = PBXNativeTarget;
			buildConfigurationList = E6411AF82DEF7B430067E8B1 /* Build configuration list for PBXNativeTarget "RickAndMortyAppUITests" */;
			buildPhases = (
				E6411AE42DEF7B430067E8B1 /* Sources */,
				E6411AE52DEF7B430067E8B1 /* Frameworks */,
				E6411AE62DEF7B430067E8B1 /* Resources */,
			);
			buildRules = (
			);
			dependencies = (
				E6411AEA2DEF7B430067E8B1 /* PBXTargetDependency */,
			);
			name = RickAndMortyAppUITests;
			packageProductDependencies = (
			);
			productName = RickAndMortyAppUITests;
			productReference = E6411AE82DEF7B430067E8B1 /* RickAndMortyAppUITests.xctest */;
			productType = "com.apple.product-type.bundle.ui-testing";
		};
/* End PBXNativeTarget section */

/* Begin PBXProject section */
		E6411AC62DEF7B420067E8B1 /* Project object */ = {
			isa = PBXProject;
			attributes = {
				BuildIndependentTargetsInParallel = 1;
				LastSwiftUpdateCheck = 1620;
				LastUpgradeCheck = 1620;
				TargetAttributes = {
					E6411ACD2DEF7B420067E8B1 = {
						CreatedOnToolsVersion = 16.2;
					};
					E6411ADD2DEF7B430067E8B1 = {
						CreatedOnToolsVersion = 16.2;
						TestTargetID = E6411ACD2DEF7B420067E8B1;
					};
					E6411AE72DEF7B430067E8B1 = {
						CreatedOnToolsVersion = 16.2;
						TestTargetID = E6411ACD2DEF7B420067E8B1;
					};
				};
			};
			buildConfigurationList = E6411AC92DEF7B420067E8B1 /* Build configuration list for PBXProject "RickAndMortyApp" */;
			developmentRegion = en;
			hasScannedForEncodings = 0;
			knownRegions = (
				en,
				Base,
			);
			mainGroup = E6411AC52DEF7B420067E8B1;
			minimizedProjectReferenceProxies = 1;
			packageReferences = (
				E6411AFB2DEF7DC60067E8B1 /* XCLocalSwiftPackageReference "Domain" */,
				E6411AFC2DEF7DD30067E8B1 /* XCLocalSwiftPackageReference "Data" */,
				E6411AFD2DEF7DDB0067E8B1 /* XCLocalSwiftPackageReference "Networking" */,
				E6411AFE2DEF7DE30067E8B1 /* XCLocalSwiftPackageReference "Presentation" */,
			);
			preferredProjectObjectVersion = 77;
			productRefGroup = E6411ACF2DEF7B420067E8B1 /* Products */;
			projectDirPath = "";
			projectRoot = "";
			targets = (
				E6411ACD2DEF7B420067E8B1 /* RickAndMortyApp */,
				E6411ADD2DEF7B430067E8B1 /* RickAndMortyAppTests */,
				E6411AE72DEF7B430067E8B1 /* RickAndMortyAppUITests */,
			);
		};
/* End PBXProject section */

/* Begin PBXResourcesBuildPhase section */
		E6411ACC2DEF7B420067E8B1 /* Resources */ = {
			isa = PBXResourcesBuildPhase;
			buildActionMask = 2147483647;
			files = (
				E6D0F5F12DF63935008367EA /* TestPlan.xctestplan in Resources */,
			);
			runOnlyForDeploymentPostprocessing = 0;
		};
		E6411ADC2DEF7B430067E8B1 /* Resources */ = {
			isa = PBXResourcesBuildPhase;
			buildActionMask = 2147483647;
			files = (
			);
			runOnlyForDeploymentPostprocessing = 0;
		};
		E6411AE62DEF7B430067E8B1 /* Resources */ = {
			isa = PBXResourcesBuildPhase;
			buildActionMask = 2147483647;
			files = (
			);
			runOnlyForDeploymentPostprocessing = 0;
		};
/* End PBXResourcesBuildPhase section */

/* Begin PBXSourcesBuildPhase section */
		E6411ACA2DEF7B420067E8B1 /* Sources */ = {
			isa = PBXSourcesBuildPhase;
			buildActionMask = 2147483647;
			files = (
			);
			runOnlyForDeploymentPostprocessing = 0;
		};
		E6411ADA2DEF7B430067E8B1 /* Sources */ = {
			isa = PBXSourcesBuildPhase;
			buildActionMask = 2147483647;
			files = (
			);
			runOnlyForDeploymentPostprocessing = 0;
		};
		E6411AE42DEF7B430067E8B1 /* Sources */ = {
			isa = PBXSourcesBuildPhase;
			buildActionMask = 2147483647;
			files = (
			);
			runOnlyForDeploymentPostprocessing = 0;
		};
/* End PBXSourcesBuildPhase section */

/* Begin PBXTargetDependency section */
		E6411AE02DEF7B430067E8B1 /* PBXTargetDependency */ = {
			isa = PBXTargetDependency;
			target = E6411ACD2DEF7B420067E8B1 /* RickAndMortyApp */;
			targetProxy = E6411ADF2DEF7B430067E8B1 /* PBXContainerItemProxy */;
		};
		E6411AEA2DEF7B430067E8B1 /* PBXTargetDependency */ = {
			isa = PBXTargetDependency;
			target = E6411ACD2DEF7B420067E8B1 /* RickAndMortyApp */;
			targetProxy = E6411AE92DEF7B430067E8B1 /* PBXContainerItemProxy */;
		};
/* End PBXTargetDependency section */

/* Begin XCBuildConfiguration section */
		E6411AF02DEF7B430067E8B1 /* Debug */ = {
			isa = XCBuildConfiguration;
			buildSettings = {
				ALWAYS_SEARCH_USER_PATHS = NO;
				ASSETCATALOG_COMPILER_GENERATE_SWIFT_ASSET_SYMBOL_EXTENSIONS = YES;
				CLANG_ANALYZER_NONNULL = YES;
				CLANG_ANALYZER_NUMBER_OBJECT_CONVERSION = YES_AGGRESSIVE;
				CLANG_CXX_LANGUAGE_STANDARD = "gnu++20";
				CLANG_ENABLE_MODULES = YES;
				CLANG_ENABLE_OBJC_ARC = YES;
				CLANG_ENABLE_OBJC_WEAK = YES;
				CLANG_WARN_BLOCK_CAPTURE_AUTORELEASING = YES;
				CLANG_WARN_BOOL_CONVERSION = YES;
				CLANG_WARN_COMMA = YES;
				CLANG_WARN_CONSTANT_CONVERSION = YES;
				CLANG_WARN_DEPRECATED_OBJC_IMPLEMENTATIONS = YES;
				CLANG_WARN_DIRECT_OBJC_ISA_USAGE = YES_ERROR;
				CLANG_WARN_DOCUMENTATION_COMMENTS = YES;
				CLANG_WARN_EMPTY_BODY = YES;
				CLANG_WARN_ENUM_CONVERSION = YES;
				CLANG_WARN_INFINITE_RECURSION = YES;
				CLANG_WARN_INT_CONVERSION = YES;
				CLANG_WARN_NON_LITERAL_NULL_CONVERSION = YES;
				CLANG_WARN_OBJC_IMPLICIT_RETAIN_SELF = YES;
				CLANG_WARN_OBJC_LITERAL_CONVERSION = YES;
				CLANG_WARN_OBJC_ROOT_CLASS = YES_ERROR;
				CLANG_WARN_QUOTED_INCLUDE_IN_FRAMEWORK_HEADER = YES;
				CLANG_WARN_RANGE_LOOP_ANALYSIS = YES;
				CLANG_WARN_STRICT_PROTOTYPES = YES;
				CLANG_WARN_SUSPICIOUS_MOVE = YES;
				CLANG_WARN_UNGUARDED_AVAILABILITY = YES_AGGRESSIVE;
				CLANG_WARN_UNREACHABLE_CODE = YES;
				CLANG_WARN__DUPLICATE_METHOD_MATCH = YES;
				COPY_PHASE_STRIP = NO;
				DEBUG_INFORMATION_FORMAT = dwarf;
				ENABLE_STRICT_OBJC_MSGSEND = YES;
				ENABLE_TESTABILITY = YES;
				ENABLE_USER_SCRIPT_SANDBOXING = YES;
				GCC_C_LANGUAGE_STANDARD = gnu17;
				GCC_DYNAMIC_NO_PIC = NO;
				GCC_NO_COMMON_BLOCKS = YES;
				GCC_OPTIMIZATION_LEVEL = 0;
				GCC_PREPROCESSOR_DEFINITIONS = (
					"DEBUG=1",
					"$(inherited)",
				);
				GCC_WARN_64_TO_32_BIT_CONVERSION = YES;
				GCC_WARN_ABOUT_RETURN_TYPE = YES_ERROR;
				GCC_WARN_UNDECLARED_SELECTOR = YES;
				GCC_WARN_UNINITIALIZED_AUTOS = YES_AGGRESSIVE;
				GCC_WARN_UNUSED_FUNCTION = YES;
				GCC_WARN_UNUSED_VARIABLE = YES;
				IPHONEOS_DEPLOYMENT_TARGET = 17.0;
				LOCALIZATION_PREFERS_STRING_CATALOGS = YES;
				MTL_ENABLE_DEBUG_INFO = INCLUDE_SOURCE;
				MTL_FAST_MATH = YES;
				ONLY_ACTIVE_ARCH = YES;
				SDKROOT = iphoneos;
				SWIFT_ACTIVE_COMPILATION_CONDITIONS = "DEBUG $(inherited)";
				SWIFT_OPTIMIZATION_LEVEL = "-Onone";
			};
			name = Debug;
		};
		E6411AF12DEF7B430067E8B1 /* Release */ = {
			isa = XCBuildConfiguration;
			buildSettings = {
				ALWAYS_SEARCH_USER_PATHS = NO;
				ASSETCATALOG_COMPILER_GENERATE_SWIFT_ASSET_SYMBOL_EXTENSIONS = YES;
				CLANG_ANALYZER_NONNULL = YES;
				CLANG_ANALYZER_NUMBER_OBJECT_CONVERSION = YES_AGGRESSIVE;
				CLANG_CXX_LANGUAGE_STANDARD = "gnu++20";
				CLANG_ENABLE_MODULES = YES;
				CLANG_ENABLE_OBJC_ARC = YES;
				CLANG_ENABLE_OBJC_WEAK = YES;
				CLANG_WARN_BLOCK_CAPTURE_AUTORELEASING = YES;
				CLANG_WARN_BOOL_CONVERSION = YES;
				CLANG_WARN_COMMA = YES;
				CLANG_WARN_CONSTANT_CONVERSION = YES;
				CLANG_WARN_DEPRECATED_OBJC_IMPLEMENTATIONS = YES;
				CLANG_WARN_DIRECT_OBJC_ISA_USAGE = YES_ERROR;
				CLANG_WARN_DOCUMENTATION_COMMENTS = YES;
				CLANG_WARN_EMPTY_BODY = YES;
				CLANG_WARN_ENUM_CONVERSION = YES;
				CLANG_WARN_INFINITE_RECURSION = YES;
				CLANG_WARN_INT_CONVERSION = YES;
				CLANG_WARN_NON_LITERAL_NULL_CONVERSION = YES;
				CLANG_WARN_OBJC_IMPLICIT_RETAIN_SELF = YES;
				CLANG_WARN_OBJC_LITERAL_CONVERSION = YES;
				CLANG_WARN_OBJC_ROOT_CLASS = YES_ERROR;
				CLANG_WARN_QUOTED_INCLUDE_IN_FRAMEWORK_HEADER = YES;
				CLANG_WARN_RANGE_LOOP_ANALYSIS = YES;
				CLANG_WARN_STRICT_PROTOTYPES = YES;
				CLANG_WARN_SUSPICIOUS_MOVE = YES;
				CLANG_WARN_UNGUARDED_AVAILABILITY = YES_AGGRESSIVE;
				CLANG_WARN_UNREACHABLE_CODE = YES;
				CLANG_WARN__DUPLICATE_METHOD_MATCH = YES;
				COPY_PHASE_STRIP = NO;
				DEBUG_INFORMATION_FORMAT = "dwarf-with-dsym";
				ENABLE_NS_ASSERTIONS = NO;
				ENABLE_STRICT_OBJC_MSGSEND = YES;
				ENABLE_USER_SCRIPT_SANDBOXING = YES;
				GCC_C_LANGUAGE_STANDARD = gnu17;
				GCC_NO_COMMON_BLOCKS = YES;
				GCC_WARN_64_TO_32_BIT_CONVERSION = YES;
				GCC_WARN_ABOUT_RETURN_TYPE = YES_ERROR;
				GCC_WARN_UNDECLARED_SELECTOR = YES;
				GCC_WARN_UNINITIALIZED_AUTOS = YES_AGGRESSIVE;
				GCC_WARN_UNUSED_FUNCTION = YES;
				GCC_WARN_UNUSED_VARIABLE = YES;
				IPHONEOS_DEPLOYMENT_TARGET = 17.0;
				LOCALIZATION_PREFERS_STRING_CATALOGS = YES;
				MTL_ENABLE_DEBUG_INFO = NO;
				MTL_FAST_MATH = YES;
				SDKROOT = iphoneos;
				SWIFT_COMPILATION_MODE = wholemodule;
				VALIDATE_PRODUCT = YES;
			};
			name = Release;
		};
		E6411AF32DEF7B430067E8B1 /* Debug */ = {
			isa = XCBuildConfiguration;
			buildSettings = {
				ASSETCATALOG_COMPILER_APPICON_NAME = AppIcon;
				ASSETCATALOG_COMPILER_GLOBAL_ACCENT_COLOR_NAME = AccentColor;
				CODE_SIGN_STYLE = Automatic;
				CURRENT_PROJECT_VERSION = 1;
				DEVELOPMENT_ASSET_PATHS = "";
				DEVELOPMENT_TEAM = Q5LF2YD4L6;
				ENABLE_PREVIEWS = YES;
				GENERATE_INFOPLIST_FILE = YES;
				INFOPLIST_KEY_UIApplicationSceneManifest_Generation = YES;
				INFOPLIST_KEY_UIApplicationSupportsIndirectInputEvents = YES;
				INFOPLIST_KEY_UILaunchScreen_Generation = YES;
				INFOPLIST_KEY_UISupportedInterfaceOrientations_iPad = "UIInterfaceOrientationPortrait UIInterfaceOrientationPortraitUpsideDown UIInterfaceOrientationLandscapeLeft UIInterfaceOrientationLandscapeRight";
				INFOPLIST_KEY_UISupportedInterfaceOrientations_iPhone = "UIInterfaceOrientationPortrait UIInterfaceOrientationLandscapeLeft UIInterfaceOrientationLandscapeRight";
				IPHONEOS_DEPLOYMENT_TARGET = 17.0;
				LD_RUNPATH_SEARCH_PATHS = (
					"$(inherited)",
					"@executable_path/Frameworks",
				);
				MARKETING_VERSION = 1.0;
				PRODUCT_BUNDLE_IDENTIFIER = com.jm.RickAndMortyApp;
				PRODUCT_NAME = "$(TARGET_NAME)";
				SWIFT_EMIT_LOC_STRINGS = YES;
				SWIFT_VERSION = 5.0;
				TARGETED_DEVICE_FAMILY = "1,2";
			};
			name = Debug;
		};
		E6411AF42DEF7B430067E8B1 /* Release */ = {
			isa = XCBuildConfiguration;
			buildSettings = {
				ASSETCATALOG_COMPILER_APPICON_NAME = AppIcon;
				ASSETCATALOG_COMPILER_GLOBAL_ACCENT_COLOR_NAME = AccentColor;
				CODE_SIGN_STYLE = Automatic;
				CURRENT_PROJECT_VERSION = 1;
				DEVELOPMENT_ASSET_PATHS = "";
				DEVELOPMENT_TEAM = Q5LF2YD4L6;
				ENABLE_PREVIEWS = YES;
				GENERATE_INFOPLIST_FILE = YES;
				INFOPLIST_KEY_UIApplicationSceneManifest_Generation = YES;
				INFOPLIST_KEY_UIApplicationSupportsIndirectInputEvents = YES;
				INFOPLIST_KEY_UILaunchScreen_Generation = YES;
				INFOPLIST_KEY_UISupportedInterfaceOrientations_iPad = "UIInterfaceOrientationPortrait UIInterfaceOrientationPortraitUpsideDown UIInterfaceOrientationLandscapeLeft UIInterfaceOrientationLandscapeRight";
				INFOPLIST_KEY_UISupportedInterfaceOrientations_iPhone = "UIInterfaceOrientationPortrait UIInterfaceOrientationLandscapeLeft UIInterfaceOrientationLandscapeRight";
				IPHONEOS_DEPLOYMENT_TARGET = 17.0;
				LD_RUNPATH_SEARCH_PATHS = (
					"$(inherited)",
					"@executable_path/Frameworks",
				);
				MARKETING_VERSION = 1.0;
				PRODUCT_BUNDLE_IDENTIFIER = com.jm.RickAndMortyApp;
				PRODUCT_NAME = "$(TARGET_NAME)";
				SWIFT_EMIT_LOC_STRINGS = YES;
				SWIFT_VERSION = 5.0;
				TARGETED_DEVICE_FAMILY = "1,2";
			};
			name = Release;
		};
		E6411AF62DEF7B430067E8B1 /* Debug */ = {
			isa = XCBuildConfiguration;
			buildSettings = {
				BUNDLE_LOADER = "$(TEST_HOST)";
				CODE_SIGN_STYLE = Automatic;
				CURRENT_PROJECT_VERSION = 1;
				DEVELOPMENT_TEAM = Q5LF2YD4L6;
				GENERATE_INFOPLIST_FILE = YES;
				IPHONEOS_DEPLOYMENT_TARGET = 17.0;
				MARKETING_VERSION = 1.0;
				PRODUCT_BUNDLE_IDENTIFIER = com.jm.RickAndMortyAppTests;
				PRODUCT_NAME = "$(TARGET_NAME)";
				SWIFT_EMIT_LOC_STRINGS = NO;
				SWIFT_VERSION = 5.0;
				TARGETED_DEVICE_FAMILY = "1,2";
				TEST_HOST = "$(BUILT_PRODUCTS_DIR)/RickAndMortyApp.app/$(BUNDLE_EXECUTABLE_FOLDER_PATH)/RickAndMortyApp";
			};
			name = Debug;
		};
		E6411AF72DEF7B430067E8B1 /* Release */ = {
			isa = XCBuildConfiguration;
			buildSettings = {
				BUNDLE_LOADER = "$(TEST_HOST)";
				CODE_SIGN_STYLE = Automatic;
				CURRENT_PROJECT_VERSION = 1;
				DEVELOPMENT_TEAM = Q5LF2YD4L6;
				GENERATE_INFOPLIST_FILE = YES;
				IPHONEOS_DEPLOYMENT_TARGET = 17.0;
				MARKETING_VERSION = 1.0;
				PRODUCT_BUNDLE_IDENTIFIER = com.jm.RickAndMortyAppTests;
				PRODUCT_NAME = "$(TARGET_NAME)";
				SWIFT_EMIT_LOC_STRINGS = NO;
				SWIFT_VERSION = 5.0;
				TARGETED_DEVICE_FAMILY = "1,2";
				TEST_HOST = "$(BUILT_PRODUCTS_DIR)/RickAndMortyApp.app/$(BUNDLE_EXECUTABLE_FOLDER_PATH)/RickAndMortyApp";
			};
			name = Release;
		};
		E6411AF92DEF7B430067E8B1 /* Debug */ = {
			isa = XCBuildConfiguration;
			buildSettings = {
				CODE_SIGN_STYLE = Automatic;
				CURRENT_PROJECT_VERSION = 1;
				DEVELOPMENT_TEAM = Q5LF2YD4L6;
				GENERATE_INFOPLIST_FILE = YES;
				IPHONEOS_DEPLOYMENT_TARGET = 17.0;
				MARKETING_VERSION = 1.0;
				PRODUCT_BUNDLE_IDENTIFIER = com.jm.RickAndMortyAppUITests;
				PRODUCT_NAME = "$(TARGET_NAME)";
				SWIFT_EMIT_LOC_STRINGS = NO;
				SWIFT_VERSION = 5.0;
				TARGETED_DEVICE_FAMILY = "1,2";
				TEST_TARGET_NAME = RickAndMortyApp;
			};
			name = Debug;
		};
		E6411AFA2DEF7B430067E8B1 /* Release */ = {
			isa = XCBuildConfiguration;
			buildSettings = {
				CODE_SIGN_STYLE = Automatic;
				CURRENT_PROJECT_VERSION = 1;
				DEVELOPMENT_TEAM = Q5LF2YD4L6;
				GENERATE_INFOPLIST_FILE = YES;
				IPHONEOS_DEPLOYMENT_TARGET = 17.0;
				MARKETING_VERSION = 1.0;
				PRODUCT_BUNDLE_IDENTIFIER = com.jm.RickAndMortyAppUITests;
				PRODUCT_NAME = "$(TARGET_NAME)";
				SWIFT_EMIT_LOC_STRINGS = NO;
				SWIFT_VERSION = 5.0;
				TARGETED_DEVICE_FAMILY = "1,2";
				TEST_TARGET_NAME = RickAndMortyApp;
			};
			name = Release;
		};
/* End XCBuildConfiguration section */

/* Begin XCConfigurationList section */
		E6411AC92DEF7B420067E8B1 /* Build configuration list for PBXProject "RickAndMortyApp" */ = {
			isa = XCConfigurationList;
			buildConfigurations = (
				E6411AF02DEF7B430067E8B1 /* Debug */,
				E6411AF12DEF7B430067E8B1 /* Release */,
			);
			defaultConfigurationIsVisible = 0;
			defaultConfigurationName = Release;
		};
		E6411AF22DEF7B430067E8B1 /* Build configuration list for PBXNativeTarget "RickAndMortyApp" */ = {
			isa = XCConfigurationList;
			buildConfigurations = (
				E6411AF32DEF7B430067E8B1 /* Debug */,
				E6411AF42DEF7B430067E8B1 /* Release */,
			);
			defaultConfigurationIsVisible = 0;
			defaultConfigurationName = Release;
		};
		E6411AF52DEF7B430067E8B1 /* Build configuration list for PBXNativeTarget "RickAndMortyAppTests" */ = {
			isa = XCConfigurationList;
			buildConfigurations = (
				E6411AF62DEF7B430067E8B1 /* Debug */,
				E6411AF72DEF7B430067E8B1 /* Release */,
			);
			defaultConfigurationIsVisible = 0;
			defaultConfigurationName = Release;
		};
		E6411AF82DEF7B430067E8B1 /* Build configuration list for PBXNativeTarget "RickAndMortyAppUITests" */ = {
			isa = XCConfigurationList;
			buildConfigurations = (
				E6411AF92DEF7B430067E8B1 /* Debug */,
				E6411AFA2DEF7B430067E8B1 /* Release */,
			);
			defaultConfigurationIsVisible = 0;
			defaultConfigurationName = Release;
		};
/* End XCConfigurationList section */

/* Begin XCLocalSwiftPackageReference section */
		E6411AFB2DEF7DC60067E8B1 /* XCLocalSwiftPackageReference "Domain" */ = {
			isa = XCLocalSwiftPackageReference;
			relativePath = Domain;
		};
		E6411AFC2DEF7DD30067E8B1 /* XCLocalSwiftPackageReference "Data" */ = {
			isa = XCLocalSwiftPackageReference;
			relativePath = Data;
		};
		E6411AFD2DEF7DDB0067E8B1 /* XCLocalSwiftPackageReference "Networking" */ = {
			isa = XCLocalSwiftPackageReference;
			relativePath = Networking;
		};
		E6411AFE2DEF7DE30067E8B1 /* XCLocalSwiftPackageReference "Presentation" */ = {
			isa = XCLocalSwiftPackageReference;
			relativePath = Presentation;
		};
/* End XCLocalSwiftPackageReference section */

/* Begin XCSwiftPackageProductDependency section */
		E6411B012DEF7E070067E8B1 /* Domain */ = {
			isa = XCSwiftPackageProductDependency;
			package = E6411AFB2DEF7DC60067E8B1 /* XCLocalSwiftPackageReference "Domain" */;
			productName = Domain;
		};
		E6411B032DEF7E0F0067E8B1 /* Data */ = {
			isa = XCSwiftPackageProductDependency;
			package = E6411AFC2DEF7DD30067E8B1 /* XCLocalSwiftPackageReference "Data" */;
			productName = Data;
		};
		E6411B052DEF7E120067E8B1 /* Networking */ = {
			isa = XCSwiftPackageProductDependency;
			package = E6411AFD2DEF7DDB0067E8B1 /* XCLocalSwiftPackageReference "Networking" */;
			productName = Networking;
		};
		E6411B072DEF7E150067E8B1 /* Presentation */ = {
			isa = XCSwiftPackageProductDependency;
			package = E6411AFE2DEF7DE30067E8B1 /* XCLocalSwiftPackageReference "Presentation" */;
			productName = Presentation;
		};
/* End XCSwiftPackageProductDependency section */
	};
	rootObject = E6411AC62DEF7B420067E8B1 /* Project object */;
}
